
Microsoft Visual Studio Solution File, Format Version 12.00
# Visual Studio 15
VisualStudioVersion = 15.0.28307.271
MinimumVisualStudioVersion = 10.0.40219.1
Project("{FAE04EC0-301F-11D3-BF4B-00C04F79EFBC}") = "Produire.WRT.Imaging", "Produire.WRT.Imaging.csproj", "{866DDC73-35A5-449A-8AD9-41EE8627008B}"
EndProject
Global
	GlobalSection(SolutionConfigurationPlatforms) = preSolution
		Debug|Any CPU = Debug|Any CPU
		Release|Any CPU = Release|Any CPU
	EndGlobalSection
	GlobalSection(ProjectConfigurationPlatforms) = postSolution
		{866DDC73-35A5-449A-8AD9-41EE8627008B}.Debug|Any CPU.ActiveCfg = Debug|Any CPU
		{866DDC73-35A5-449A-8AD9-41EE8627008B}.Debug|Any CPU.Build.0 = Debug|Any CPU
		{866DDC73-35A5-449A-8AD9-41EE8627008B}.Release|Any CPU.ActiveCfg = Release|Any CPU
		{866DDC73-35A5-449A-8AD9-41EE8627008B}.Release|Any CPU.Build.0 = Release|Any CPU
	EndGlobalSection
	GlobalSection(SolutionProperties) = preSolution
		HideSolutionNode = FALSE
	EndGlobalSection
	GlobalSection(ExtensibilityGlobals) = postSolution
		SolutionGuid = {18909115-0E0F-497D-814A-B90F52EDB51E}
	EndGlobalSection
EndGlobal
